{
    "requires": true,
    "lockfileVersion": 1,
    "dependencies": {
        "fetch-auth": {
            "version": "1.0.1",
            "resolved": "https://registry.npmjs.org/fetch-auth/-/fetch-auth-1.0.1.tgz",
            "integrity": "sha1-l7vInmNR5oU1Gq3TjdQ1OjL2w0I="
        },
        "jwt-auth": {
            "version": "2.0.1",
            "resolved": "https://registry.npmjs.org/jwt-auth/-/jwt-auth-2.0.1.tgz",
            "integrity": "sha1-t6fSK/LRaY6Casignt5WiGH5KH0=",
            "requires": {
                "fetch-auth": "^1.0.0"
            }
        }
    }
}
